
Microsoft Visual Studio Solution File, Format Version 12.00
# Visual Studio Version 16
VisualStudioVersion = 16.0.29806.167
MinimumVisualStudioVersion = 10.0.40219.1
Project("{FAE04EC0-301F-11D3-BF4B-00C04F79EFBC}") = "RealisticImprovedSolarPanel", "RealisticImprovedSolarPanel\RealisticImprovedSolarPanel.csproj", "{7BF66352-11C5-4DA5-A9C1-A2AE0932FF5E}"
EndProject
Project("{FAE04EC0-301F-11D3-BF4B-00C04F79EFBC}") = "RealisticLightSettings", "RealisticLightSettings\RealisticLightSettings.csproj", "{FD866180-88CA-457E-A349-A4649B689D87}"
EndProject
Project("{FAE04EC0-301F-11D3-BF4B-00C04F79EFBC}") = "Smart Turret 2", "Smart Turret 2\Smart Turret 2.csproj", "{2C837DA5-B5AB-43B0-AD39-6913A0EC4708}"
EndProject
Project("{FAE04EC0-301F-11D3-BF4B-00C04F79EFBC}") = "RealisticImprovedSolarPanelForTTB", "RealisticImprovedSolarPanelForTTB\RealisticImprovedSolarPanelForTTB.csproj", "{1EE90282-C088-4FC1-BBDE-E902CBFD81C1}"
EndProject
Project("{FAE04EC0-301F-11D3-BF4B-00C04F79EFBC}") = "EnergySignatureTest", "EnergySignatureTest\EnergySignatureTest.csproj", "{4071BC6F-AF22-426F-BDB6-743067A35237}"
EndProject
Project("{FAE04EC0-301F-11D3-BF4B-00C04F79EFBC}") = "RealisticTurretAI", "RealisticTurretAI\RealisticTurretAI.csproj", "{3599FDBD-A7FE-4701-963A-63DA41F60C3B}"
EndProject
Global
	GlobalSection(SolutionConfigurationPlatforms) = preSolution
		Debug|Any CPU = Debug|Any CPU
		Release|Any CPU = Release|Any CPU
	EndGlobalSection
	GlobalSection(ProjectConfigurationPlatforms) = postSolution
		{7BF66352-11C5-4DA5-A9C1-A2AE0932FF5E}.Debug|Any CPU.ActiveCfg = Debug|Any CPU
		{7BF66352-11C5-4DA5-A9C1-A2AE0932FF5E}.Debug|Any CPU.Build.0 = Debug|Any CPU
		{7BF66352-11C5-4DA5-A9C1-A2AE0932FF5E}.Release|Any CPU.ActiveCfg = Release|Any CPU
		{7BF66352-11C5-4DA5-A9C1-A2AE0932FF5E}.Release|Any CPU.Build.0 = Release|Any CPU
		{FD866180-88CA-457E-A349-A4649B689D87}.Debug|Any CPU.ActiveCfg = Debug|Any CPU
		{FD866180-88CA-457E-A349-A4649B689D87}.Debug|Any CPU.Build.0 = Debug|Any CPU
		{FD866180-88CA-457E-A349-A4649B689D87}.Release|Any CPU.ActiveCfg = Release|Any CPU
		{FD866180-88CA-457E-A349-A4649B689D87}.Release|Any CPU.Build.0 = Release|Any CPU
		{2C837DA5-B5AB-43B0-AD39-6913A0EC4708}.Debug|Any CPU.ActiveCfg = Debug|Any CPU
		{2C837DA5-B5AB-43B0-AD39-6913A0EC4708}.Debug|Any CPU.Build.0 = Debug|Any CPU
		{2C837DA5-B5AB-43B0-AD39-6913A0EC4708}.Release|Any CPU.ActiveCfg = Release|Any CPU
		{2C837DA5-B5AB-43B0-AD39-6913A0EC4708}.Release|Any CPU.Build.0 = Release|Any CPU
		{1EE90282-C088-4FC1-BBDE-E902CBFD81C1}.Debug|Any CPU.ActiveCfg = Debug|Any CPU
		{1EE90282-C088-4FC1-BBDE-E902CBFD81C1}.Debug|Any CPU.Build.0 = Debug|Any CPU
		{1EE90282-C088-4FC1-BBDE-E902CBFD81C1}.Release|Any CPU.ActiveCfg = Release|Any CPU
		{1EE90282-C088-4FC1-BBDE-E902CBFD81C1}.Release|Any CPU.Build.0 = Release|Any CPU
		{4071BC6F-AF22-426F-BDB6-743067A35237}.Debug|Any CPU.ActiveCfg = Debug|Any CPU
		{4071BC6F-AF22-426F-BDB6-743067A35237}.Debug|Any CPU.Build.0 = Debug|Any CPU
		{4071BC6F-AF22-426F-BDB6-743067A35237}.Release|Any CPU.ActiveCfg = Release|Any CPU
		{4071BC6F-AF22-426F-BDB6-743067A35237}.Release|Any CPU.Build.0 = Release|Any CPU
		{3599FDBD-A7FE-4701-963A-63DA41F60C3B}.Debug|Any CPU.ActiveCfg = Debug|Any CPU
		{3599FDBD-A7FE-4701-963A-63DA41F60C3B}.Debug|Any CPU.Build.0 = Debug|Any CPU
		{3599FDBD-A7FE-4701-963A-63DA41F60C3B}.Release|Any CPU.ActiveCfg = Release|Any CPU
		{3599FDBD-A7FE-4701-963A-63DA41F60C3B}.Release|Any CPU.Build.0 = Release|Any CPU
	EndGlobalSection
	GlobalSection(SolutionProperties) = preSolution
		HideSolutionNode = FALSE
	EndGlobalSection
	GlobalSection(ExtensibilityGlobals) = postSolution
		SolutionGuid = {1205F8F6-665B-44BB-9E6C-6CE14CC0DE29}
	EndGlobalSection
EndGlobal
